Microsoft Visual Studio Solution File, Format Version 12.00
# Visual Studio Version 17
VisualStudioVersion = 17.5.2.0
MinimumVisualStudioVersion = 10.0.40219.1
Project("{FAE04EC0-301F-11D3-BF4B-00C04F79EFBC}") = "note_card_generator_csharp", "note_card_generator_csharp.csproj", "{2C70B5C3-6199-4C77-E4FE-26D4C90420FF}"
EndProject
Global
	GlobalSection(SolutionConfigurationPlatforms) = preSolution
		Debug|Any CPU = Debug|Any CPU
		Release|Any CPU = Release|Any CPU
	EndGlobalSection
	GlobalSection(ProjectConfigurationPlatforms) = postSolution
		{2C70B5C3-6199-4C77-E4FE-26D4C90420FF}.Debug|Any CPU.ActiveCfg = Debug|Any CPU
		{2C70B5C3-6199-4C77-E4FE-26D4C90420FF}.Debug|Any CPU.Build.0 = Debug|Any CPU
		{2C70B5C3-6199-4C77-E4FE-26D4C90420FF}.Release|Any CPU.ActiveCfg = Release|Any CPU
		{2C70B5C3-6199-4C77-E4FE-26D4C90420FF}.Release|Any CPU.Build.0 = Release|Any CPU
	EndGlobalSection
	GlobalSection(SolutionProperties) = preSolution
		HideSolutionNode = FALSE
	EndGlobalSection
	GlobalSection(ExtensibilityGlobals) = postSolution
		SolutionGuid = {A86F913D-A6D6-4933-B657-73A52A9A0A8C}
	EndGlobalSection
EndGlobal
